
Microsoft Visual Studio Solution File, Format Version 12.00
# Visual Studio Version 17
VisualStudioVersion = 17.0.31903.59
MinimumVisualStudioVersion = 10.0.40219.1
Project("{2150E333-8FDC-42A3-9474-1A3956D46DE8}") = "backend", "backend", "{83D21543-B97A-4ABE-A839-7D8112D709EB}"
EndProject
Project("{2150E333-8FDC-42A3-9474-1A3956D46DE8}") = "host", "host", "{1E23777B-5538-4219-820B-D8CD8DCFBA84}"
EndProject
Project("{2150E333-8FDC-42A3-9474-1A3956D46DE8}") = "RecallSmith.Api", "RecallSmith.Api", "{224425DC-7058-4A61-B75F-C9573482E676}"
EndProject
Project("{FAE04EC0-301F-11D3-BF4B-00C04F79EFBC}") = "RecallSmith.Api", "backend\host\RecallSmith.Api\api\RecallSmith.Api.csproj", "{2BBD7448-589D-4255-838C-731C12A4F2FC}"
EndProject
Project("{2150E333-8FDC-42A3-9474-1A3956D46DE8}") = "building-blocks", "building-blocks", "{5738F21D-9603-4265-ADDD-A8A21A048924}"
EndProject
Project("{FAE04EC0-301F-11D3-BF4B-00C04F79EFBC}") = "Contracts", "backend\building-blocks\Contracts\Contracts.csproj", "{32BFDC9D-D0CD-4E98-8300-2A1AC7932BD2}"
EndProject
Project("{FAE04EC0-301F-11D3-BF4B-00C04F79EFBC}") = "Infrastructure.Core", "backend\building-blocks\Infrastructure.Core\Infrastructure.Core.csproj", "{20F55BC8-619D-47E2-8F10-7D510EB9412D}"
EndProject
Project("{FAE04EC0-301F-11D3-BF4B-00C04F79EFBC}") = "SharedKernel", "backend\building-blocks\SharedKernel\SharedKernel.csproj", "{F2A9872D-4353-40D3-8223-F8B53A93362B}"
EndProject
Global
	GlobalSection(SolutionConfigurationPlatforms) = preSolution
		Debug|Any CPU = Debug|Any CPU
		Release|Any CPU = Release|Any CPU
	EndGlobalSection
	GlobalSection(SolutionProperties) = preSolution
		HideSolutionNode = FALSE
	EndGlobalSection
	GlobalSection(ProjectConfigurationPlatforms) = postSolution
		{2BBD7448-589D-4255-838C-731C12A4F2FC}.Debug|Any CPU.ActiveCfg = Debug|Any CPU
		{2BBD7448-589D-4255-838C-731C12A4F2FC}.Debug|Any CPU.Build.0 = Debug|Any CPU
		{2BBD7448-589D-4255-838C-731C12A4F2FC}.Release|Any CPU.ActiveCfg = Release|Any CPU
		{2BBD7448-589D-4255-838C-731C12A4F2FC}.Release|Any CPU.Build.0 = Release|Any CPU
		{32BFDC9D-D0CD-4E98-8300-2A1AC7932BD2}.Debug|Any CPU.ActiveCfg = Debug|Any CPU
		{32BFDC9D-D0CD-4E98-8300-2A1AC7932BD2}.Debug|Any CPU.Build.0 = Debug|Any CPU
		{32BFDC9D-D0CD-4E98-8300-2A1AC7932BD2}.Release|Any CPU.ActiveCfg = Release|Any CPU
		{32BFDC9D-D0CD-4E98-8300-2A1AC7932BD2}.Release|Any CPU.Build.0 = Release|Any CPU
		{20F55BC8-619D-47E2-8F10-7D510EB9412D}.Debug|Any CPU.ActiveCfg = Debug|Any CPU
		{20F55BC8-619D-47E2-8F10-7D510EB9412D}.Debug|Any CPU.Build.0 = Debug|Any CPU
		{20F55BC8-619D-47E2-8F10-7D510EB9412D}.Release|Any CPU.ActiveCfg = Release|Any CPU
		{20F55BC8-619D-47E2-8F10-7D510EB9412D}.Release|Any CPU.Build.0 = Release|Any CPU
		{F2A9872D-4353-40D3-8223-F8B53A93362B}.Debug|Any CPU.ActiveCfg = Debug|Any CPU
		{F2A9872D-4353-40D3-8223-F8B53A93362B}.Debug|Any CPU.Build.0 = Debug|Any CPU
		{F2A9872D-4353-40D3-8223-F8B53A93362B}.Release|Any CPU.ActiveCfg = Release|Any CPU
		{F2A9872D-4353-40D3-8223-F8B53A93362B}.Release|Any CPU.Build.0 = Release|Any CPU
	EndGlobalSection
	GlobalSection(NestedProjects) = preSolution
		{1E23777B-5538-4219-820B-D8CD8DCFBA84} = {83D21543-B97A-4ABE-A839-7D8112D709EB}
		{224425DC-7058-4A61-B75F-C9573482E676} = {1E23777B-5538-4219-820B-D8CD8DCFBA84}
		{2BBD7448-589D-4255-838C-731C12A4F2FC} = {224425DC-7058-4A61-B75F-C9573482E676}
		{5738F21D-9603-4265-ADDD-A8A21A048924} = {83D21543-B97A-4ABE-A839-7D8112D709EB}
		{32BFDC9D-D0CD-4E98-8300-2A1AC7932BD2} = {5738F21D-9603-4265-ADDD-A8A21A048924}
		{20F55BC8-619D-47E2-8F10-7D510EB9412D} = {5738F21D-9603-4265-ADDD-A8A21A048924}
		{F2A9872D-4353-40D3-8223-F8B53A93362B} = {5738F21D-9603-4265-ADDD-A8A21A048924}
	EndGlobalSection
EndGlobal
