
Microsoft Visual Studio Solution File, Format Version 12.00
# Visual Studio Version 17
VisualStudioVersion = 17.0.31903.59
MinimumVisualStudioVersion = 10.0.40219.1
Project("{2150E333-8FDC-42A3-9474-1A3956D46DE8}") = "apps", "apps", "{C880D9A6-0182-4FD1-86D3-CADADCE1246B}"
EndProject
Project("{FAE04EC0-301F-11D3-BF4B-00C04F79EFBC}") = "RecallSmith.Api", "apps\api\RecallSmith.Api.csproj", "{4B1C4298-900B-45FC-8308-0672CD59D3DD}"
EndProject
Project("{2150E333-8FDC-42A3-9474-1A3956D46DE8}") = "building-blocks", "building-blocks", "{3A29A722-E80B-405A-A9C9-60EEC12979B5}"
EndProject
Project("{FAE04EC0-301F-11D3-BF4B-00C04F79EFBC}") = "SharedKernel", "building-blocks\SharedKernel\SharedKernel.csproj", "{683A7C9D-88D7-499A-9C81-ED0C283D6337}"
EndProject
Project("{FAE04EC0-301F-11D3-BF4B-00C04F79EFBC}") = "Infrastructure.Core", "building-blocks\Infrastructure.Core\Infrastructure.Core.csproj", "{AB1A8FB9-14EA-464A-AFDB-82F8F127293B}"
EndProject
Project("{2150E333-8FDC-42A3-9474-1A3956D46DE8}") = "modules", "modules", "{79E54034-76BF-4B26-9E79-73D687959E90}"
EndProject
Project("{2150E333-8FDC-42A3-9474-1A3956D46DE8}") = "catalog", "catalog", "{480F4685-AC69-4F36-9527-1F384176EBE6}"
EndProject
Project("{FAE04EC0-301F-11D3-BF4B-00C04F79EFBC}") = "Catalog.Domain", "modules\catalog\Catalog.Domain\Catalog.Domain.csproj", "{F8FD1F76-0083-44B2-8DC8-CC2CAA370BB8}"
EndProject
Project("{FAE04EC0-301F-11D3-BF4B-00C04F79EFBC}") = "Catalog.Application", "modules\catalog\Catalog.Application\Catalog.Application.csproj", "{7C56C0DA-F52F-442B-84B4-95C3042B45ED}"
EndProject
Project("{FAE04EC0-301F-11D3-BF4B-00C04F79EFBC}") = "Catalog.Infrastructure", "modules\catalog\Catalog.Infrastructure\Catalog.Infrastructure.csproj", "{E86AED2F-5018-4239-B228-D8783A37AC46}"
EndProject
Project("{FAE04EC0-301F-11D3-BF4B-00C04F79EFBC}") = "Catalog.Api", "modules\catalog\Catalog.Api\Catalog.Api.csproj", "{684B71B4-8B94-4744-9D78-D77180C4211F}"
EndProject
Project("{2150E333-8FDC-42A3-9474-1A3956D46DE8}") = "study", "study", "{0129013D-E5CD-407B-BD13-1C220DB5A64C}"
EndProject
Project("{FAE04EC0-301F-11D3-BF4B-00C04F79EFBC}") = "Study.Domain", "modules\study\Study.Domain\Study.Domain.csproj", "{211D844C-23E5-4DD0-B966-466E2F74A525}"
EndProject
Project("{FAE04EC0-301F-11D3-BF4B-00C04F79EFBC}") = "Study.Application", "modules\study\Study.Application\Study.Application.csproj", "{8BCAF6F3-CD87-442D-9F81-76E15404A184}"
EndProject
Project("{FAE04EC0-301F-11D3-BF4B-00C04F79EFBC}") = "Study.Infrastructure", "modules\study\Study.Infrastructure\Study.Infrastructure.csproj", "{DFB73AC5-9DC6-4A76-BB56-5FA6758B8373}"
EndProject
Project("{FAE04EC0-301F-11D3-BF4B-00C04F79EFBC}") = "Study.Api", "modules\study\Study.Api\Study.Api.csproj", "{FC9BAE2A-5BE8-4CC8-9DC3-931F136A9F40}"
EndProject
Global
	GlobalSection(SolutionConfigurationPlatforms) = preSolution
		Debug|Any CPU = Debug|Any CPU
		Release|Any CPU = Release|Any CPU
	EndGlobalSection
	GlobalSection(SolutionProperties) = preSolution
		HideSolutionNode = FALSE
	EndGlobalSection
	GlobalSection(ProjectConfigurationPlatforms) = postSolution
		{4B1C4298-900B-45FC-8308-0672CD59D3DD}.Debug|Any CPU.ActiveCfg = Debug|Any CPU
		{4B1C4298-900B-45FC-8308-0672CD59D3DD}.Debug|Any CPU.Build.0 = Debug|Any CPU
		{4B1C4298-900B-45FC-8308-0672CD59D3DD}.Release|Any CPU.ActiveCfg = Release|Any CPU
		{4B1C4298-900B-45FC-8308-0672CD59D3DD}.Release|Any CPU.Build.0 = Release|Any CPU
		{683A7C9D-88D7-499A-9C81-ED0C283D6337}.Debug|Any CPU.ActiveCfg = Debug|Any CPU
		{683A7C9D-88D7-499A-9C81-ED0C283D6337}.Debug|Any CPU.Build.0 = Debug|Any CPU
		{683A7C9D-88D7-499A-9C81-ED0C283D6337}.Release|Any CPU.ActiveCfg = Release|Any CPU
		{683A7C9D-88D7-499A-9C81-ED0C283D6337}.Release|Any CPU.Build.0 = Release|Any CPU
		{AB1A8FB9-14EA-464A-AFDB-82F8F127293B}.Debug|Any CPU.ActiveCfg = Debug|Any CPU
		{AB1A8FB9-14EA-464A-AFDB-82F8F127293B}.Debug|Any CPU.Build.0 = Debug|Any CPU
		{AB1A8FB9-14EA-464A-AFDB-82F8F127293B}.Release|Any CPU.ActiveCfg = Release|Any CPU
		{AB1A8FB9-14EA-464A-AFDB-82F8F127293B}.Release|Any CPU.Build.0 = Release|Any CPU
		{F8FD1F76-0083-44B2-8DC8-CC2CAA370BB8}.Debug|Any CPU.ActiveCfg = Debug|Any CPU
		{F8FD1F76-0083-44B2-8DC8-CC2CAA370BB8}.Debug|Any CPU.Build.0 = Debug|Any CPU
		{F8FD1F76-0083-44B2-8DC8-CC2CAA370BB8}.Release|Any CPU.ActiveCfg = Release|Any CPU
		{F8FD1F76-0083-44B2-8DC8-CC2CAA370BB8}.Release|Any CPU.Build.0 = Release|Any CPU
		{7C56C0DA-F52F-442B-84B4-95C3042B45ED}.Debug|Any CPU.ActiveCfg = Debug|Any CPU
		{7C56C0DA-F52F-442B-84B4-95C3042B45ED}.Debug|Any CPU.Build.0 = Debug|Any CPU
		{7C56C0DA-F52F-442B-84B4-95C3042B45ED}.Release|Any CPU.ActiveCfg = Release|Any CPU
		{7C56C0DA-F52F-442B-84B4-95C3042B45ED}.Release|Any CPU.Build.0 = Release|Any CPU
		{E86AED2F-5018-4239-B228-D8783A37AC46}.Debug|Any CPU.ActiveCfg = Debug|Any CPU
		{E86AED2F-5018-4239-B228-D8783A37AC46}.Debug|Any CPU.Build.0 = Debug|Any CPU
		{E86AED2F-5018-4239-B228-D8783A37AC46}.Release|Any CPU.ActiveCfg = Release|Any CPU
		{E86AED2F-5018-4239-B228-D8783A37AC46}.Release|Any CPU.Build.0 = Release|Any CPU
		{684B71B4-8B94-4744-9D78-D77180C4211F}.Debug|Any CPU.ActiveCfg = Debug|Any CPU
		{684B71B4-8B94-4744-9D78-D77180C4211F}.Debug|Any CPU.Build.0 = Debug|Any CPU
		{684B71B4-8B94-4744-9D78-D77180C4211F}.Release|Any CPU.ActiveCfg = Release|Any CPU
		{684B71B4-8B94-4744-9D78-D77180C4211F}.Release|Any CPU.Build.0 = Release|Any CPU
		{211D844C-23E5-4DD0-B966-466E2F74A525}.Debug|Any CPU.ActiveCfg = Debug|Any CPU
		{211D844C-23E5-4DD0-B966-466E2F74A525}.Debug|Any CPU.Build.0 = Debug|Any CPU
		{211D844C-23E5-4DD0-B966-466E2F74A525}.Release|Any CPU.ActiveCfg = Release|Any CPU
		{211D844C-23E5-4DD0-B966-466E2F74A525}.Release|Any CPU.Build.0 = Release|Any CPU
		{8BCAF6F3-CD87-442D-9F81-76E15404A184}.Debug|Any CPU.ActiveCfg = Debug|Any CPU
		{8BCAF6F3-CD87-442D-9F81-76E15404A184}.Debug|Any CPU.Build.0 = Debug|Any CPU
		{8BCAF6F3-CD87-442D-9F81-76E15404A184}.Release|Any CPU.ActiveCfg = Release|Any CPU
		{8BCAF6F3-CD87-442D-9F81-76E15404A184}.Release|Any CPU.Build.0 = Release|Any CPU
		{DFB73AC5-9DC6-4A76-BB56-5FA6758B8373}.Debug|Any CPU.ActiveCfg = Debug|Any CPU
		{DFB73AC5-9DC6-4A76-BB56-5FA6758B8373}.Debug|Any CPU.Build.0 = Debug|Any CPU
		{DFB73AC5-9DC6-4A76-BB56-5FA6758B8373}.Release|Any CPU.ActiveCfg = Release|Any CPU
		{DFB73AC5-9DC6-4A76-BB56-5FA6758B8373}.Release|Any CPU.Build.0 = Release|Any CPU
		{FC9BAE2A-5BE8-4CC8-9DC3-931F136A9F40}.Debug|Any CPU.ActiveCfg = Debug|Any CPU
		{FC9BAE2A-5BE8-4CC8-9DC3-931F136A9F40}.Debug|Any CPU.Build.0 = Debug|Any CPU
		{FC9BAE2A-5BE8-4CC8-9DC3-931F136A9F40}.Release|Any CPU.ActiveCfg = Release|Any CPU
		{FC9BAE2A-5BE8-4CC8-9DC3-931F136A9F40}.Release|Any CPU.Build.0 = Release|Any CPU
	EndGlobalSection
	GlobalSection(NestedProjects) = preSolution
		{4B1C4298-900B-45FC-8308-0672CD59D3DD} = {C880D9A6-0182-4FD1-86D3-CADADCE1246B}
		{683A7C9D-88D7-499A-9C81-ED0C283D6337} = {3A29A722-E80B-405A-A9C9-60EEC12979B5}
		{AB1A8FB9-14EA-464A-AFDB-82F8F127293B} = {3A29A722-E80B-405A-A9C9-60EEC12979B5}
		{480F4685-AC69-4F36-9527-1F384176EBE6} = {79E54034-76BF-4B26-9E79-73D687959E90}
		{F8FD1F76-0083-44B2-8DC8-CC2CAA370BB8} = {480F4685-AC69-4F36-9527-1F384176EBE6}
		{7C56C0DA-F52F-442B-84B4-95C3042B45ED} = {480F4685-AC69-4F36-9527-1F384176EBE6}
		{E86AED2F-5018-4239-B228-D8783A37AC46} = {480F4685-AC69-4F36-9527-1F384176EBE6}
		{684B71B4-8B94-4744-9D78-D77180C4211F} = {480F4685-AC69-4F36-9527-1F384176EBE6}
		{0129013D-E5CD-407B-BD13-1C220DB5A64C} = {79E54034-76BF-4B26-9E79-73D687959E90}
		{211D844C-23E5-4DD0-B966-466E2F74A525} = {0129013D-E5CD-407B-BD13-1C220DB5A64C}
		{8BCAF6F3-CD87-442D-9F81-76E15404A184} = {0129013D-E5CD-407B-BD13-1C220DB5A64C}
		{DFB73AC5-9DC6-4A76-BB56-5FA6758B8373} = {0129013D-E5CD-407B-BD13-1C220DB5A64C}
		{FC9BAE2A-5BE8-4CC8-9DC3-931F136A9F40} = {0129013D-E5CD-407B-BD13-1C220DB5A64C}
	EndGlobalSection
EndGlobal
