
Microsoft Visual Studio Solution File, Format Version 12.00
# Visual Studio Version 17
VisualStudioVersion = 17.0.31903.59
MinimumVisualStudioVersion = 10.0.40219.1
Project("{2150E333-8FDC-42A3-9474-1A3956D46DE8}") = "backend", "backend", "{59E37750-8CCA-4699-A376-4F66B4C698C5}"
EndProject
Project("{2150E333-8FDC-42A3-9474-1A3956D46DE8}") = "host", "host", "{92A7CB5E-2595-45ED-81D7-5800C8D344DD}"
EndProject
Project("{FAE04EC0-301F-11D3-BF4B-00C04F79EFBC}") = "RecallSmith.Api", "backend\host\RecallSmith.Api\RecallSmith.Api.csproj", "{58D9BDC6-CB21-4882-AA39-24449731B208}"
EndProject
Project("{2150E333-8FDC-42A3-9474-1A3956D46DE8}") = "modules", "modules", "{D3B11823-D944-4A25-AEB2-8A4A639675B6}"
EndProject
Project("{2150E333-8FDC-42A3-9474-1A3956D46DE8}") = "study", "study", "{8E8A77B2-1265-467C-97BC-20476C3076F3}"
EndProject
Project("{FAE04EC0-301F-11D3-BF4B-00C04F79EFBC}") = "Study.Application", "backend\modules\study\Study.Application\Study.Application.csproj", "{B1436765-CDB6-4A66-A96A-3D04A55C6F94}"
EndProject
Project("{FAE04EC0-301F-11D3-BF4B-00C04F79EFBC}") = "Study.Infrastructure", "backend\modules\study\Study.Infrastructure\Study.Infrastructure.csproj", "{065F8C87-6307-4298-A424-87832B92FE9B}"
EndProject
Project("{FAE04EC0-301F-11D3-BF4B-00C04F79EFBC}") = "Study.Api", "backend\modules\study\Study.Api\Study.Api.csproj", "{F8258E53-D0ED-469C-AABA-94DEF7226BCE}"
EndProject
Project("{FAE04EC0-301F-11D3-BF4B-00C04F79EFBC}") = "Study.Domain", "backend\modules\study\Study.Domain\Study.Domain.csproj", "{31567CE9-301C-453D-86BD-43DEF4679675}"
EndProject
Project("{2150E333-8FDC-42A3-9474-1A3956D46DE8}") = "building-blocks", "building-blocks", "{80525A78-F9DA-48CE-A93F-0EEE779E7B92}"
EndProject
Project("{FAE04EC0-301F-11D3-BF4B-00C04F79EFBC}") = "Contracts", "backend\building-blocks\Contracts\Contracts.csproj", "{5C2DB553-E644-4371-B709-77B645B6DC4E}"
EndProject
Project("{FAE04EC0-301F-11D3-BF4B-00C04F79EFBC}") = "Infrastructure.Core", "backend\building-blocks\Infrastructure.Core\Infrastructure.Core.csproj", "{78220D0E-62C2-4543-9384-1B3A7133E299}"
EndProject
Project("{FAE04EC0-301F-11D3-BF4B-00C04F79EFBC}") = "SharedKernel", "backend\building-blocks\SharedKernel\SharedKernel.csproj", "{D5918BDC-C5CB-4125-8C75-304F5A019B03}"
EndProject
Project("{2150E333-8FDC-42A3-9474-1A3956D46DE8}") = "catalog", "catalog", "{831DC8C1-EEB3-449C-80D2-50D8CF1F1F5E}"
EndProject
Project("{FAE04EC0-301F-11D3-BF4B-00C04F79EFBC}") = "Catalog.Api", "backend\modules\catalog\Catalog.Api\Catalog.Api.csproj", "{54CCB9CE-0752-4090-B877-220931BD679A}"
EndProject
Project("{FAE04EC0-301F-11D3-BF4B-00C04F79EFBC}") = "Catalog.Infrastructure", "backend\modules\catalog\Catalog.Infrastructure\Catalog.Infrastructure.csproj", "{B7CC011B-CDD4-4EFD-BA02-3535031459A6}"
EndProject
Global
	GlobalSection(SolutionConfigurationPlatforms) = preSolution
		Debug|Any CPU = Debug|Any CPU
		Release|Any CPU = Release|Any CPU
	EndGlobalSection
	GlobalSection(SolutionProperties) = preSolution
		HideSolutionNode = FALSE
	EndGlobalSection
	GlobalSection(ProjectConfigurationPlatforms) = postSolution
		{58D9BDC6-CB21-4882-AA39-24449731B208}.Debug|Any CPU.ActiveCfg = Debug|Any CPU
		{58D9BDC6-CB21-4882-AA39-24449731B208}.Debug|Any CPU.Build.0 = Debug|Any CPU
		{58D9BDC6-CB21-4882-AA39-24449731B208}.Release|Any CPU.ActiveCfg = Release|Any CPU
		{58D9BDC6-CB21-4882-AA39-24449731B208}.Release|Any CPU.Build.0 = Release|Any CPU
		{B1436765-CDB6-4A66-A96A-3D04A55C6F94}.Debug|Any CPU.ActiveCfg = Debug|Any CPU
		{B1436765-CDB6-4A66-A96A-3D04A55C6F94}.Debug|Any CPU.Build.0 = Debug|Any CPU
		{B1436765-CDB6-4A66-A96A-3D04A55C6F94}.Release|Any CPU.ActiveCfg = Release|Any CPU
		{B1436765-CDB6-4A66-A96A-3D04A55C6F94}.Release|Any CPU.Build.0 = Release|Any CPU
		{065F8C87-6307-4298-A424-87832B92FE9B}.Debug|Any CPU.ActiveCfg = Debug|Any CPU
		{065F8C87-6307-4298-A424-87832B92FE9B}.Debug|Any CPU.Build.0 = Debug|Any CPU
		{065F8C87-6307-4298-A424-87832B92FE9B}.Release|Any CPU.ActiveCfg = Release|Any CPU
		{065F8C87-6307-4298-A424-87832B92FE9B}.Release|Any CPU.Build.0 = Release|Any CPU
		{F8258E53-D0ED-469C-AABA-94DEF7226BCE}.Debug|Any CPU.ActiveCfg = Debug|Any CPU
		{F8258E53-D0ED-469C-AABA-94DEF7226BCE}.Debug|Any CPU.Build.0 = Debug|Any CPU
		{F8258E53-D0ED-469C-AABA-94DEF7226BCE}.Release|Any CPU.ActiveCfg = Release|Any CPU
		{F8258E53-D0ED-469C-AABA-94DEF7226BCE}.Release|Any CPU.Build.0 = Release|Any CPU
		{31567CE9-301C-453D-86BD-43DEF4679675}.Debug|Any CPU.ActiveCfg = Debug|Any CPU
		{31567CE9-301C-453D-86BD-43DEF4679675}.Debug|Any CPU.Build.0 = Debug|Any CPU
		{31567CE9-301C-453D-86BD-43DEF4679675}.Release|Any CPU.ActiveCfg = Release|Any CPU
		{31567CE9-301C-453D-86BD-43DEF4679675}.Release|Any CPU.Build.0 = Release|Any CPU
		{5C2DB553-E644-4371-B709-77B645B6DC4E}.Debug|Any CPU.ActiveCfg = Debug|Any CPU
		{5C2DB553-E644-4371-B709-77B645B6DC4E}.Debug|Any CPU.Build.0 = Debug|Any CPU
		{5C2DB553-E644-4371-B709-77B645B6DC4E}.Release|Any CPU.ActiveCfg = Release|Any CPU
		{5C2DB553-E644-4371-B709-77B645B6DC4E}.Release|Any CPU.Build.0 = Release|Any CPU
		{78220D0E-62C2-4543-9384-1B3A7133E299}.Debug|Any CPU.ActiveCfg = Debug|Any CPU
		{78220D0E-62C2-4543-9384-1B3A7133E299}.Debug|Any CPU.Build.0 = Debug|Any CPU
		{78220D0E-62C2-4543-9384-1B3A7133E299}.Release|Any CPU.ActiveCfg = Release|Any CPU
		{78220D0E-62C2-4543-9384-1B3A7133E299}.Release|Any CPU.Build.0 = Release|Any CPU
		{D5918BDC-C5CB-4125-8C75-304F5A019B03}.Debug|Any CPU.ActiveCfg = Debug|Any CPU
		{D5918BDC-C5CB-4125-8C75-304F5A019B03}.Debug|Any CPU.Build.0 = Debug|Any CPU
		{D5918BDC-C5CB-4125-8C75-304F5A019B03}.Release|Any CPU.ActiveCfg = Release|Any CPU
		{D5918BDC-C5CB-4125-8C75-304F5A019B03}.Release|Any CPU.Build.0 = Release|Any CPU
		{54CCB9CE-0752-4090-B877-220931BD679A}.Debug|Any CPU.ActiveCfg = Debug|Any CPU
		{54CCB9CE-0752-4090-B877-220931BD679A}.Debug|Any CPU.Build.0 = Debug|Any CPU
		{54CCB9CE-0752-4090-B877-220931BD679A}.Release|Any CPU.ActiveCfg = Release|Any CPU
		{54CCB9CE-0752-4090-B877-220931BD679A}.Release|Any CPU.Build.0 = Release|Any CPU
		{B7CC011B-CDD4-4EFD-BA02-3535031459A6}.Debug|Any CPU.ActiveCfg = Debug|Any CPU
		{B7CC011B-CDD4-4EFD-BA02-3535031459A6}.Debug|Any CPU.Build.0 = Debug|Any CPU
		{B7CC011B-CDD4-4EFD-BA02-3535031459A6}.Release|Any CPU.ActiveCfg = Release|Any CPU
		{B7CC011B-CDD4-4EFD-BA02-3535031459A6}.Release|Any CPU.Build.0 = Release|Any CPU
	EndGlobalSection
	GlobalSection(NestedProjects) = preSolution
		{92A7CB5E-2595-45ED-81D7-5800C8D344DD} = {59E37750-8CCA-4699-A376-4F66B4C698C5}
		{58D9BDC6-CB21-4882-AA39-24449731B208} = {92A7CB5E-2595-45ED-81D7-5800C8D344DD}
		{D3B11823-D944-4A25-AEB2-8A4A639675B6} = {59E37750-8CCA-4699-A376-4F66B4C698C5}
		{8E8A77B2-1265-467C-97BC-20476C3076F3} = {D3B11823-D944-4A25-AEB2-8A4A639675B6}
		{B1436765-CDB6-4A66-A96A-3D04A55C6F94} = {8E8A77B2-1265-467C-97BC-20476C3076F3}
		{065F8C87-6307-4298-A424-87832B92FE9B} = {8E8A77B2-1265-467C-97BC-20476C3076F3}
		{F8258E53-D0ED-469C-AABA-94DEF7226BCE} = {8E8A77B2-1265-467C-97BC-20476C3076F3}
		{31567CE9-301C-453D-86BD-43DEF4679675} = {8E8A77B2-1265-467C-97BC-20476C3076F3}
		{80525A78-F9DA-48CE-A93F-0EEE779E7B92} = {59E37750-8CCA-4699-A376-4F66B4C698C5}
		{5C2DB553-E644-4371-B709-77B645B6DC4E} = {80525A78-F9DA-48CE-A93F-0EEE779E7B92}
		{78220D0E-62C2-4543-9384-1B3A7133E299} = {80525A78-F9DA-48CE-A93F-0EEE779E7B92}
		{D5918BDC-C5CB-4125-8C75-304F5A019B03} = {80525A78-F9DA-48CE-A93F-0EEE779E7B92}
		{831DC8C1-EEB3-449C-80D2-50D8CF1F1F5E} = {D3B11823-D944-4A25-AEB2-8A4A639675B6}
		{54CCB9CE-0752-4090-B877-220931BD679A} = {831DC8C1-EEB3-449C-80D2-50D8CF1F1F5E}
		{B7CC011B-CDD4-4EFD-BA02-3535031459A6} = {831DC8C1-EEB3-449C-80D2-50D8CF1F1F5E}
	EndGlobalSection
EndGlobal
