
Microsoft Visual Studio Solution File, Format Version 12.00
# Visual Studio Version 17
VisualStudioVersion = 17.0.31903.59
MinimumVisualStudioVersion = 10.0.40219.1
Project("{2150E333-8FDC-42A3-9474-1A3956D46DE8}") = "src", "src", "{37D37291-08A2-43D8-868B-5D0A85B31260}"
EndProject
Project("{2150E333-8FDC-42A3-9474-1A3956D46DE8}") = "BuildingBlocks", "BuildingBlocks", "{49F4D344-D221-4A46-882C-76010E9E8133}"
EndProject
Project("{FAE04EC0-301F-11D3-BF4B-00C04F79EFBC}") = "SharedKernel", "src\BuildingBlocks\SharedKernel\SharedKernel.csproj", "{87C43AAE-63D2-4875-A3F5-7474382F59EE}"
EndProject
Project("{FAE04EC0-301F-11D3-BF4B-00C04F79EFBC}") = "Contracts", "src\BuildingBlocks\Contracts\Contracts.csproj", "{AAD4CE80-C184-475A-A829-9BA467FEC03C}"
EndProject
Project("{FAE04EC0-301F-11D3-BF4B-00C04F79EFBC}") = "Infrastructure.Core", "src\BuildingBlocks\Infrastructure.Core\Infrastructure.Core.csproj", "{A7E206EB-060E-445D-8036-BC2479459C60}"
EndProject
Project("{2150E333-8FDC-42A3-9474-1A3956D46DE8}") = "Modules", "Modules", "{DF570D5B-DE42-4485-A68E-27DCA8E414FF}"
EndProject
Project("{2150E333-8FDC-42A3-9474-1A3956D46DE8}") = "Authoring", "Authoring", "{A114A4EF-47BF-4B4C-B3F5-907C417D64A2}"
EndProject
Project("{FAE04EC0-301F-11D3-BF4B-00C04F79EFBC}") = "Authoring.Domain", "src\Modules\Authoring\Authoring.Domain\Authoring.Domain.csproj", "{8D1FBAEB-0B0B-468B-B22A-7BD1F4E5F4C8}"
EndProject
Project("{FAE04EC0-301F-11D3-BF4B-00C04F79EFBC}") = "Authoring.Application", "src\Modules\Authoring\Authoring.Application\Authoring.Application.csproj", "{BEEA5A62-4829-4686-AA01-02FFB5E3ED1C}"
EndProject
Project("{FAE04EC0-301F-11D3-BF4B-00C04F79EFBC}") = "Authoring.Infrastructure", "src\Modules\Authoring\Authoring.Infrastructure\Authoring.Infrastructure.csproj", "{4FD5DF0B-633E-486E-ACC1-0F30EBDB7A39}"
EndProject
Project("{2150E333-8FDC-42A3-9474-1A3956D46DE8}") = "Catalog", "Catalog", "{FFDF77BB-925D-486C-94B8-B13441F8AC36}"
EndProject
Project("{FAE04EC0-301F-11D3-BF4B-00C04F79EFBC}") = "Catalog.Application", "src\Modules\Catalog\Catalog.Application\Catalog.Application.csproj", "{A296EA1F-7E66-4684-B309-0E20457A1356}"
EndProject
Project("{FAE04EC0-301F-11D3-BF4B-00C04F79EFBC}") = "Catalog.Api", "src\Modules\Catalog\Catalog.Api\Catalog.Api.csproj", "{95B1339E-AC90-4C86-9D63-62432D05930D}"
EndProject
Project("{2150E333-8FDC-42A3-9474-1A3956D46DE8}") = "Publishing", "Publishing", "{65E07361-F093-4232-904C-A73D72DE3A30}"
EndProject
Project("{FAE04EC0-301F-11D3-BF4B-00C04F79EFBC}") = "ArtifactBuilder", "src\Publishing\ArtifactBuilder\ArtifactBuilder.csproj", "{D40E3ECA-944A-4051-8D41-1FCE1F73A737}"
EndProject
Project("{FAE04EC0-301F-11D3-BF4B-00C04F79EFBC}") = "Publisher.Local", "src\Publishing\Publisher.Local\Publisher.Local.csproj", "{4CA597E6-8365-4D21-81E3-A587E99E1D37}"
EndProject
Project("{2150E333-8FDC-42A3-9474-1A3956D46DE8}") = "Host", "Host", "{CF535A33-BE24-44EA-9185-DFADBB141E71}"
EndProject
Project("{FAE04EC0-301F-11D3-BF4B-00C04F79EFBC}") = "RecallSmith.Api", "src\Host\RecallSmith.Api\RecallSmith.Api.csproj", "{7A60E261-F501-43B9-B870-6516CB4689E0}"
EndProject
Global
	GlobalSection(SolutionConfigurationPlatforms) = preSolution
		Debug|Any CPU = Debug|Any CPU
		Release|Any CPU = Release|Any CPU
	EndGlobalSection
	GlobalSection(SolutionProperties) = preSolution
		HideSolutionNode = FALSE
	EndGlobalSection
	GlobalSection(ProjectConfigurationPlatforms) = postSolution
		{87C43AAE-63D2-4875-A3F5-7474382F59EE}.Debug|Any CPU.ActiveCfg = Debug|Any CPU
		{87C43AAE-63D2-4875-A3F5-7474382F59EE}.Debug|Any CPU.Build.0 = Debug|Any CPU
		{87C43AAE-63D2-4875-A3F5-7474382F59EE}.Release|Any CPU.ActiveCfg = Release|Any CPU
		{87C43AAE-63D2-4875-A3F5-7474382F59EE}.Release|Any CPU.Build.0 = Release|Any CPU
		{AAD4CE80-C184-475A-A829-9BA467FEC03C}.Debug|Any CPU.ActiveCfg = Debug|Any CPU
		{AAD4CE80-C184-475A-A829-9BA467FEC03C}.Debug|Any CPU.Build.0 = Debug|Any CPU
		{AAD4CE80-C184-475A-A829-9BA467FEC03C}.Release|Any CPU.ActiveCfg = Release|Any CPU
		{AAD4CE80-C184-475A-A829-9BA467FEC03C}.Release|Any CPU.Build.0 = Release|Any CPU
		{A7E206EB-060E-445D-8036-BC2479459C60}.Debug|Any CPU.ActiveCfg = Debug|Any CPU
		{A7E206EB-060E-445D-8036-BC2479459C60}.Debug|Any CPU.Build.0 = Debug|Any CPU
		{A7E206EB-060E-445D-8036-BC2479459C60}.Release|Any CPU.ActiveCfg = Release|Any CPU
		{A7E206EB-060E-445D-8036-BC2479459C60}.Release|Any CPU.Build.0 = Release|Any CPU
		{8D1FBAEB-0B0B-468B-B22A-7BD1F4E5F4C8}.Debug|Any CPU.ActiveCfg = Debug|Any CPU
		{8D1FBAEB-0B0B-468B-B22A-7BD1F4E5F4C8}.Debug|Any CPU.Build.0 = Debug|Any CPU
		{8D1FBAEB-0B0B-468B-B22A-7BD1F4E5F4C8}.Release|Any CPU.ActiveCfg = Release|Any CPU
		{8D1FBAEB-0B0B-468B-B22A-7BD1F4E5F4C8}.Release|Any CPU.Build.0 = Release|Any CPU
		{BEEA5A62-4829-4686-AA01-02FFB5E3ED1C}.Debug|Any CPU.ActiveCfg = Debug|Any CPU
		{BEEA5A62-4829-4686-AA01-02FFB5E3ED1C}.Debug|Any CPU.Build.0 = Debug|Any CPU
		{BEEA5A62-4829-4686-AA01-02FFB5E3ED1C}.Release|Any CPU.ActiveCfg = Release|Any CPU
		{BEEA5A62-4829-4686-AA01-02FFB5E3ED1C}.Release|Any CPU.Build.0 = Release|Any CPU
		{4FD5DF0B-633E-486E-ACC1-0F30EBDB7A39}.Debug|Any CPU.ActiveCfg = Debug|Any CPU
		{4FD5DF0B-633E-486E-ACC1-0F30EBDB7A39}.Debug|Any CPU.Build.0 = Debug|Any CPU
		{4FD5DF0B-633E-486E-ACC1-0F30EBDB7A39}.Release|Any CPU.ActiveCfg = Release|Any CPU
		{4FD5DF0B-633E-486E-ACC1-0F30EBDB7A39}.Release|Any CPU.Build.0 = Release|Any CPU
		{A296EA1F-7E66-4684-B309-0E20457A1356}.Debug|Any CPU.ActiveCfg = Debug|Any CPU
		{A296EA1F-7E66-4684-B309-0E20457A1356}.Debug|Any CPU.Build.0 = Debug|Any CPU
		{A296EA1F-7E66-4684-B309-0E20457A1356}.Release|Any CPU.ActiveCfg = Release|Any CPU
		{A296EA1F-7E66-4684-B309-0E20457A1356}.Release|Any CPU.Build.0 = Release|Any CPU
		{95B1339E-AC90-4C86-9D63-62432D05930D}.Debug|Any CPU.ActiveCfg = Debug|Any CPU
		{95B1339E-AC90-4C86-9D63-62432D05930D}.Debug|Any CPU.Build.0 = Debug|Any CPU
		{95B1339E-AC90-4C86-9D63-62432D05930D}.Release|Any CPU.ActiveCfg = Release|Any CPU
		{95B1339E-AC90-4C86-9D63-62432D05930D}.Release|Any CPU.Build.0 = Release|Any CPU
		{D40E3ECA-944A-4051-8D41-1FCE1F73A737}.Debug|Any CPU.ActiveCfg = Debug|Any CPU
		{D40E3ECA-944A-4051-8D41-1FCE1F73A737}.Debug|Any CPU.Build.0 = Debug|Any CPU
		{D40E3ECA-944A-4051-8D41-1FCE1F73A737}.Release|Any CPU.ActiveCfg = Release|Any CPU
		{D40E3ECA-944A-4051-8D41-1FCE1F73A737}.Release|Any CPU.Build.0 = Release|Any CPU
		{4CA597E6-8365-4D21-81E3-A587E99E1D37}.Debug|Any CPU.ActiveCfg = Debug|Any CPU
		{4CA597E6-8365-4D21-81E3-A587E99E1D37}.Debug|Any CPU.Build.0 = Debug|Any CPU
		{4CA597E6-8365-4D21-81E3-A587E99E1D37}.Release|Any CPU.ActiveCfg = Release|Any CPU
		{4CA597E6-8365-4D21-81E3-A587E99E1D37}.Release|Any CPU.Build.0 = Release|Any CPU
		{7A60E261-F501-43B9-B870-6516CB4689E0}.Debug|Any CPU.ActiveCfg = Debug|Any CPU
		{7A60E261-F501-43B9-B870-6516CB4689E0}.Debug|Any CPU.Build.0 = Debug|Any CPU
		{7A60E261-F501-43B9-B870-6516CB4689E0}.Release|Any CPU.ActiveCfg = Release|Any CPU
		{7A60E261-F501-43B9-B870-6516CB4689E0}.Release|Any CPU.Build.0 = Release|Any CPU
	EndGlobalSection
	GlobalSection(NestedProjects) = preSolution
		{49F4D344-D221-4A46-882C-76010E9E8133} = {37D37291-08A2-43D8-868B-5D0A85B31260}
		{87C43AAE-63D2-4875-A3F5-7474382F59EE} = {49F4D344-D221-4A46-882C-76010E9E8133}
		{AAD4CE80-C184-475A-A829-9BA467FEC03C} = {49F4D344-D221-4A46-882C-76010E9E8133}
		{A7E206EB-060E-445D-8036-BC2479459C60} = {49F4D344-D221-4A46-882C-76010E9E8133}
		{DF570D5B-DE42-4485-A68E-27DCA8E414FF} = {37D37291-08A2-43D8-868B-5D0A85B31260}
		{A114A4EF-47BF-4B4C-B3F5-907C417D64A2} = {DF570D5B-DE42-4485-A68E-27DCA8E414FF}
		{8D1FBAEB-0B0B-468B-B22A-7BD1F4E5F4C8} = {A114A4EF-47BF-4B4C-B3F5-907C417D64A2}
		{BEEA5A62-4829-4686-AA01-02FFB5E3ED1C} = {A114A4EF-47BF-4B4C-B3F5-907C417D64A2}
		{4FD5DF0B-633E-486E-ACC1-0F30EBDB7A39} = {A114A4EF-47BF-4B4C-B3F5-907C417D64A2}
		{FFDF77BB-925D-486C-94B8-B13441F8AC36} = {DF570D5B-DE42-4485-A68E-27DCA8E414FF}
		{A296EA1F-7E66-4684-B309-0E20457A1356} = {FFDF77BB-925D-486C-94B8-B13441F8AC36}
		{95B1339E-AC90-4C86-9D63-62432D05930D} = {FFDF77BB-925D-486C-94B8-B13441F8AC36}
		{65E07361-F093-4232-904C-A73D72DE3A30} = {37D37291-08A2-43D8-868B-5D0A85B31260}
		{D40E3ECA-944A-4051-8D41-1FCE1F73A737} = {65E07361-F093-4232-904C-A73D72DE3A30}
		{4CA597E6-8365-4D21-81E3-A587E99E1D37} = {65E07361-F093-4232-904C-A73D72DE3A30}
		{CF535A33-BE24-44EA-9185-DFADBB141E71} = {37D37291-08A2-43D8-868B-5D0A85B31260}
		{7A60E261-F501-43B9-B870-6516CB4689E0} = {CF535A33-BE24-44EA-9185-DFADBB141E71}
	EndGlobalSection
EndGlobal
