
Microsoft Visual Studio Solution File, Format Version 12.00
# Visual Studio Version 17
VisualStudioVersion = 17.0.31903.59
MinimumVisualStudioVersion = 10.0.40219.1
Project("{2150E333-8FDC-42A3-9474-1A3956D46DE8}") = "src", "src", "{33A7149D-0713-4B67-A87D-EA8B4DA1843D}"
EndProject
Project("{2150E333-8FDC-42A3-9474-1A3956D46DE8}") = "Host", "Host", "{72BA85F8-5C6A-4EBB-B887-05D1D717F9A8}"
EndProject
Project("{FAE04EC0-301F-11D3-BF4B-00C04F79EFBC}") = "RecallSmith.Api", "src\Host\RecallSmith.Api\RecallSmith.Api.csproj", "{EC38A933-0188-4615-A9CF-C03E7A937DD6}"
EndProject
Project("{2150E333-8FDC-42A3-9474-1A3956D46DE8}") = "Modules", "Modules", "{508414B6-441F-44CE-AC43-BB9954F8EBAA}"
EndProject
Project("{2150E333-8FDC-42A3-9474-1A3956D46DE8}") = "Authoring", "Authoring", "{09D98323-B001-4079-8039-C1D1DF06FBFF}"
EndProject
Project("{FAE04EC0-301F-11D3-BF4B-00C04F79EFBC}") = "Authoring.Core", "src\Modules\Authoring\Authoring.Core\Authoring.Core.csproj", "{68A0C64C-C683-4463-B82C-F3A58056E5D8}"
EndProject
Project("{FAE04EC0-301F-11D3-BF4B-00C04F79EFBC}") = "Authoring.Infrastructure", "src\Modules\Authoring\Authoring.Infrastructure\Authoring.Infrastructure.csproj", "{E857A0B9-699D-4413-8BAD-2B3EC70CAF7C}"
EndProject
Global
	GlobalSection(SolutionConfigurationPlatforms) = preSolution
		Debug|Any CPU = Debug|Any CPU
		Release|Any CPU = Release|Any CPU
	EndGlobalSection
	GlobalSection(SolutionProperties) = preSolution
		HideSolutionNode = FALSE
	EndGlobalSection
	GlobalSection(ProjectConfigurationPlatforms) = postSolution
		{EC38A933-0188-4615-A9CF-C03E7A937DD6}.Debug|Any CPU.ActiveCfg = Debug|Any CPU
		{EC38A933-0188-4615-A9CF-C03E7A937DD6}.Debug|Any CPU.Build.0 = Debug|Any CPU
		{EC38A933-0188-4615-A9CF-C03E7A937DD6}.Release|Any CPU.ActiveCfg = Release|Any CPU
		{EC38A933-0188-4615-A9CF-C03E7A937DD6}.Release|Any CPU.Build.0 = Release|Any CPU
		{68A0C64C-C683-4463-B82C-F3A58056E5D8}.Debug|Any CPU.ActiveCfg = Debug|Any CPU
		{68A0C64C-C683-4463-B82C-F3A58056E5D8}.Debug|Any CPU.Build.0 = Debug|Any CPU
		{68A0C64C-C683-4463-B82C-F3A58056E5D8}.Release|Any CPU.ActiveCfg = Release|Any CPU
		{68A0C64C-C683-4463-B82C-F3A58056E5D8}.Release|Any CPU.Build.0 = Release|Any CPU
		{E857A0B9-699D-4413-8BAD-2B3EC70CAF7C}.Debug|Any CPU.ActiveCfg = Debug|Any CPU
		{E857A0B9-699D-4413-8BAD-2B3EC70CAF7C}.Debug|Any CPU.Build.0 = Debug|Any CPU
		{E857A0B9-699D-4413-8BAD-2B3EC70CAF7C}.Release|Any CPU.ActiveCfg = Release|Any CPU
		{E857A0B9-699D-4413-8BAD-2B3EC70CAF7C}.Release|Any CPU.Build.0 = Release|Any CPU
	EndGlobalSection
	GlobalSection(NestedProjects) = preSolution
		{72BA85F8-5C6A-4EBB-B887-05D1D717F9A8} = {33A7149D-0713-4B67-A87D-EA8B4DA1843D}
		{EC38A933-0188-4615-A9CF-C03E7A937DD6} = {72BA85F8-5C6A-4EBB-B887-05D1D717F9A8}
		{508414B6-441F-44CE-AC43-BB9954F8EBAA} = {33A7149D-0713-4B67-A87D-EA8B4DA1843D}
		{09D98323-B001-4079-8039-C1D1DF06FBFF} = {508414B6-441F-44CE-AC43-BB9954F8EBAA}
		{68A0C64C-C683-4463-B82C-F3A58056E5D8} = {09D98323-B001-4079-8039-C1D1DF06FBFF}
		{E857A0B9-699D-4413-8BAD-2B3EC70CAF7C} = {09D98323-B001-4079-8039-C1D1DF06FBFF}
	EndGlobalSection
EndGlobal
